
Microsoft Visual Studio Solution File, Format Version 12.00
# Visual Studio Version 16
VisualStudioVersion = 16.0.30104.148
MinimumVisualStudioVersion = 10.0.40219.1
Project("{FAE04EC0-301F-11D3-BF4B-00C04F79EFBC}") = "Vidly_2nd_try", "Vidly_2nd_try.csproj", "{813EC6CD-4558-4601-8813-631668D26DA0}"
EndProject
Global
	GlobalSection(SolutionConfigurationPlatforms) = preSolution
		Debug|Any CPU = Debug|Any CPU
		Release|Any CPU = Release|Any CPU
	EndGlobalSection
	GlobalSection(ProjectConfigurationPlatforms) = postSolution
		{813EC6CD-4558-4601-8813-631668D26DA0}.Debug|Any CPU.ActiveCfg = Debug|Any CPU
		{813EC6CD-4558-4601-8813-631668D26DA0}.Debug|Any CPU.Build.0 = Debug|Any CPU
		{813EC6CD-4558-4601-8813-631668D26DA0}.Release|Any CPU.ActiveCfg = Release|Any CPU
		{813EC6CD-4558-4601-8813-631668D26DA0}.Release|Any CPU.Build.0 = Release|Any CPU
	EndGlobalSection
	GlobalSection(SolutionProperties) = preSolution
		HideSolutionNode = FALSE
	EndGlobalSection
	GlobalSection(ExtensibilityGlobals) = postSolution
		SolutionGuid = {122514EE-900C-4A74-94C0-507D9D5E11D9}
	EndGlobalSection
EndGlobal
